// !$*UTF8*$!
{
	archiveVersion = 1;
	classes = {
	};
	objectVersion = 46;
	objects = {

/* Begin PBXBuildFile section */
		1609A9671B82CDE000E0A666 /* main.m in Sources */ = {isa = PBXBuildFile; fileRef = 1609A9661B82CDE000E0A666 /* main.m */; };
		1609A96A1B82CDE000E0A666 /* AppDelegate.m in Sources */ = {isa = PBXBuildFile; fileRef = 1609A9691B82CDE000E0A666 /* AppDelegate.m */; };
		1609A96D1B82CDE000E0A666 /* ViewController.m in Sources */ = {isa = PBXBuildFile; fileRef = 1609A96C1B82CDE000E0A666 /* ViewController.m */; };
		1609A9701B82CDE000E0A666 /* Main.storyboard in Resources */ = {isa = PBXBuildFile; fileRef = 1609A96E1B82CDE000E0A666 /* Main.storyboard */; };
		1609A9721B82CDE000E0A666 /* Images.xcassets in Resources */ = {isa = PBXBuildFile; fileRef = 1609A9711B82CDE000E0A666 /* Images.xcassets */; };
		1609A9751B82CDE000E0A666 /* LaunchScreen.xib in Resources */ = {isa = PBXBuildFile; fileRef = 1609A9731B82CDE000E0A666 /* LaunchScreen.xib */; };
		1609A9811B82CDE000E0A666 /* ChenWeiboDemoTests.m in Sources */ = {isa = PBXBuildFile; fileRef = 1609A9801B82CDE000E0A666 /* ChenWeiboDemoTests.m */; };
		1609A98C1B82CF0C00E0A666 /* LandingView.m in Sources */ = {isa = PBXBuildFile; fileRef = 1609A98B1B82CF0C00E0A666 /* LandingView.m */; };
		1609A9AE1B82DB6D00E0A666 /* Info.plist in Resources */ = {isa = PBXBuildFile; fileRef = 1609A9941B82DB6D00E0A666 /* Info.plist */; };
		1609A9AF1B82DB6D00E0A666 /* MASCompositeConstraint.m in Sources */ = {isa = PBXBuildFile; fileRef = 1609A9961B82DB6D00E0A666 /* MASCompositeConstraint.m */; };
		1609A9B01B82DB6D00E0A666 /* MASConstraint.m in Sources */ = {isa = PBXBuildFile; fileRef = 1609A9991B82DB6D00E0A666 /* MASConstraint.m */; };
		1609A9B11B82DB6D00E0A666 /* MASConstraintMaker.m in Sources */ = {isa = PBXBuildFile; fileRef = 1609A99B1B82DB6D00E0A666 /* MASConstraintMaker.m */; };
		1609A9B21B82DB6D00E0A666 /* MASLayoutConstraint.m in Sources */ = {isa = PBXBuildFile; fileRef = 1609A99D1B82DB6D00E0A666 /* MASLayoutConstraint.m */; };
		1609A9B31B82DB6D00E0A666 /* MASViewAttribute.m in Sources */ = {isa = PBXBuildFile; fileRef = 1609A9A11B82DB6D00E0A666 /* MASViewAttribute.m */; };
		1609A9B41B82DB6D00E0A666 /* MASViewConstraint.m in Sources */ = {isa = PBXBuildFile; fileRef = 1609A9A31B82DB6D00E0A666 /* MASViewConstraint.m */; };
		1609A9B51B82DB6D00E0A666 /* NSArray+MASAdditions.m in Sources */ = {isa = PBXBuildFile; fileRef = 1609A9A51B82DB6D00E0A666 /* NSArray+MASAdditions.m */; };
		1609A9B61B82DB6D00E0A666 /* NSLayoutConstraint+MASDebugAdditions.m in Sources */ = {isa = PBXBuildFile; fileRef = 1609A9A81B82DB6D00E0A666 /* NSLayoutConstraint+MASDebugAdditions.m */; };
		1609A9B71B82DB6D00E0A666 /* View+MASAdditions.m in Sources */ = {isa = PBXBuildFile; fileRef = 1609A9AA1B82DB6D00E0A666 /* View+MASAdditions.m */; };
		1609A9B81B82DB6D00E0A666 /* ViewController+MASAdditions.m in Sources */ = {isa = PBXBuildFile; fileRef = 1609A9AD1B82DB6D00E0A666 /* ViewController+MASAdditions.m */; };
		1609A9BB1B842B8300E0A666 /* FirstViewController.m in Sources */ = {isa = PBXBuildFile; fileRef = 1609A9BA1B842B8300E0A666 /* FirstViewController.m */; };
		1609A9BE1B842B9900E0A666 /* SecondViewController.m in Sources */ = {isa = PBXBuildFile; fileRef = 1609A9BD1B842B9900E0A666 /* SecondViewController.m */; };
		1609A9C11B842BC900E0A666 /* ThirdViewController.m in Sources */ = {isa = PBXBuildFile; fileRef = 1609A9C01B842BC900E0A666 /* ThirdViewController.m */; };
		1609A9C51B8449DA00E0A666 /* tongue.png in Resources */ = {isa = PBXBuildFile; fileRef = 1609A9C41B8449DA00E0A666 /* tongue.png */; };
		1609A9C91B8455F500E0A666 /* sad.png in Resources */ = {isa = PBXBuildFile; fileRef = 1609A9C81B8455F500E0A666 /* sad.png */; };
		1609A9CE1B84560200E0A666 /* bigsmile.png in Resources */ = {isa = PBXBuildFile; fileRef = 1609A9CA1B84560200E0A666 /* bigsmile.png */; };
		1609A9CF1B84560200E0A666 /* blah.png in Resources */ = {isa = PBXBuildFile; fileRef = 1609A9CB1B84560200E0A666 /* blah.png */; };
		1609A9D01B84560200E0A666 /* smirk.png in Resources */ = {isa = PBXBuildFile; fileRef = 1609A9CC1B84560200E0A666 /* smirk.png */; };
		1609A9D11B84560200E0A666 /* scream.png in Resources */ = {isa = PBXBuildFile; fileRef = 1609A9CD1B84560200E0A666 /* scream.png */; };
		1609A9D31B8477E500E0A666 /* upload.png in Resources */ = {isa = PBXBuildFile; fileRef = 1609A9D21B8477E500E0A666 /* upload.png */; };
		1609AA3F1B85AFE000E0A666 /* AFHTTPRequestOperation.m in Sources */ = {isa = PBXBuildFile; fileRef = 1609AA2D1B85AFE000E0A666 /* AFHTTPRequestOperation.m */; };
		1609AA401B85AFE000E0A666 /* AFHTTPRequestOperationManager.m in Sources */ = {isa = PBXBuildFile; fileRef = 1609AA2F1B85AFE000E0A666 /* AFHTTPRequestOperationManager.m */; };
		1609AA411B85AFE000E0A666 /* AFHTTPSessionManager.m in Sources */ = {isa = PBXBuildFile; fileRef = 1609AA311B85AFE000E0A666 /* AFHTTPSessionManager.m */; };
		1609AA421B85AFE000E0A666 /* AFNetworkReachabilityManager.m in Sources */ = {isa = PBXBuildFile; fileRef = 1609AA341B85AFE000E0A666 /* AFNetworkReachabilityManager.m */; };
		1609AA431B85AFE000E0A666 /* AFSecurityPolicy.m in Sources */ = {isa = PBXBuildFile; fileRef = 1609AA361B85AFE000E0A666 /* AFSecurityPolicy.m */; };
		1609AA441B85AFE000E0A666 /* AFURLConnectionOperation.m in Sources */ = {isa = PBXBuildFile; fileRef = 1609AA381B85AFE000E0A666 /* AFURLConnectionOperation.m */; };
		1609AA451B85AFE000E0A666 /* AFURLRequestSerialization.m in Sources */ = {isa = PBXBuildFile; fileRef = 1609AA3A1B85AFE000E0A666 /* AFURLRequestSerialization.m */; };
		1609AA461B85AFE000E0A666 /* AFURLResponseSerialization.m in Sources */ = {isa = PBXBuildFile; fileRef = 1609AA3C1B85AFE000E0A666 /* AFURLResponseSerialization.m */; };
		1609AA471B85AFE000E0A666 /* AFURLSessionManager.m in Sources */ = {isa = PBXBuildFile; fileRef = 1609AA3E1B85AFE000E0A666 /* AFURLSessionManager.m */; };
/* End PBXBuildFile section */

/* Begin PBXContainerItemProxy section */
		1609A97B1B82CDE000E0A666 /* PBXContainerItemProxy */ = {
			isa = PBXContainerItemProxy;
			containerPortal = 1609A9591B82CDE000E0A666 /* Project object */;
			proxyType = 1;
			remoteGlobalIDString = 1609A9601B82CDE000E0A666;
			remoteInfo = ChenWeiboDemo;
		};
/* End PBXContainerItemProxy section */

/* Begin PBXFileReference section */
		1609A9611B82CDE000E0A666 /* ChenWeiboDemo.app */ = {isa = PBXFileReference; explicitFileType = wrapper.application; includeInIndex = 0; path = ChenWeiboDemo.app; sourceTree = BUILT_PRODUCTS_DIR; };
		1609A9651B82CDE000E0A666 /* Info.plist */ = {isa = PBXFileReference; lastKnownFileType = text.plist.xml; path = Info.plist; sourceTree = "<group>"; };
		1609A9661B82CDE000E0A666 /* main.m */ = {isa = PBXFileReference; lastKnownFileType = sourcecode.c.objc; path = main.m; sourceTree = "<group>"; };
		1609A9681B82CDE000E0A666 /* AppDelegate.h */ = {isa = PBXFileReference; lastKnownFileType = sourcecode.c.h; path = AppDelegate.h; sourceTree = "<group>"; };
		1609A9691B82CDE000E0A666 /* AppDelegate.m */ = {isa = PBXFileReference; lastKnownFileType = sourcecode.c.objc; path = AppDelegate.m; sourceTree = "<group>"; };
		1609A96B1B82CDE000E0A666 /* ViewController.h */ = {isa = PBXFileReference; lastKnownFileType = sourcecode.c.h; path = ViewController.h; sourceTree = "<group>"; };
		1609A96C1B82CDE000E0A666 /* ViewController.m */ = {isa = PBXFileReference; lastKnownFileType = sourcecode.c.objc; path = ViewController.m; sourceTree = "<group>"; };
		1609A96F1B82CDE000E0A666 /* Base */ = {isa = PBXFileReference; lastKnownFileType = file.storyboard; name = Base; path = Base.lproj/Main.storyboard; sourceTree = "<group>"; };
		1609A9711B82CDE000E0A666 /* Images.xcassets */ = {isa = PBXFileReference; lastKnownFileType = folder.assetcatalog; path = Images.xcassets; sourceTree = "<group>"; };
		1609A9741B82CDE000E0A666 /* Base */ = {isa = PBXFileReference; lastKnownFileType = file.xib; name = Base; path = Base.lproj/LaunchScreen.xib; sourceTree = "<group>"; };
		1609A97A1B82CDE000E0A666 /* ChenWeiboDemoTests.xctest */ = {isa = PBXFileReference; explicitFileType = wrapper.cfbundle; includeInIndex = 0; path = ChenWeiboDemoTests.xctest; sourceTree = BUILT_PRODUCTS_DIR; };
		1609A97F1B82CDE000E0A666 /* Info.plist */ = {isa = PBXFileReference; lastKnownFileType = text.plist.xml; path = Info.plist; sourceTree = "<group>"; };
		1609A9801B82CDE000E0A666 /* ChenWeiboDemoTests.m */ = {isa = PBXFileReference; lastKnownFileType = sourcecode.c.objc; path = ChenWeiboDemoTests.m; sourceTree = "<group>"; };
		1609A98A1B82CF0C00E0A666 /* LandingView.h */ = {isa = PBXFileReference; fileEncoding = 4; lastKnownFileType = sourcecode.c.h; path = LandingView.h; sourceTree = "<group>"; };
		1609A98B1B82CF0C00E0A666 /* LandingView.m */ = {isa = PBXFileReference; fileEncoding = 4; lastKnownFileType = sourcecode.c.objc; path = LandingView.m; sourceTree = "<group>"; };
		1609A9941B82DB6D00E0A666 /* Info.plist */ = {isa = PBXFileReference; fileEncoding = 4; lastKnownFileType = text.plist.xml; path = Info.plist; sourceTree = "<group>"; };
		1609A9951B82DB6D00E0A666 /* MASCompositeConstraint.h */ = {isa = PBXFileReference; fileEncoding = 4; lastKnownFileType = sourcecode.c.h; path = MASCompositeConstraint.h; sourceTree = "<group>"; };
		1609A9961B82DB6D00E0A666 /* MASCompositeConstraint.m */ = {isa = PBXFileReference; fileEncoding = 4; lastKnownFileType = sourcecode.c.objc; path = MASCompositeConstraint.m; sourceTree = "<group>"; };
		1609A9971B82DB6D00E0A666 /* MASConstraint+Private.h */ = {isa = PBXFileReference; fileEncoding = 4; lastKnownFileType = sourcecode.c.h; path = "MASConstraint+Private.h"; sourceTree = "<group>"; };
		1609A9981B82DB6D00E0A666 /* MASConstraint.h */ = {isa = PBXFileReference; fileEncoding = 4; lastKnownFileType = sourcecode.c.h; path = MASConstraint.h; sourceTree = "<group>"; };
		1609A9991B82DB6D00E0A666 /* MASConstraint.m */ = {isa = PBXFileReference; fileEncoding = 4; lastKnownFileType = sourcecode.c.objc; path = MASConstraint.m; sourceTree = "<group>"; };
		1609A99A1B82DB6D00E0A666 /* MASConstraintMaker.h */ = {isa = PBXFileReference; fileEncoding = 4; lastKnownFileType = sourcecode.c.h; path = MASConstraintMaker.h; sourceTree = "<group>"; };
		1609A99B1B82DB6D00E0A666 /* MASConstraintMaker.m */ = {isa = PBXFileReference; fileEncoding = 4; lastKnownFileType = sourcecode.c.objc; path = MASConstraintMaker.m; sourceTree = "<group>"; };
		1609A99C1B82DB6D00E0A666 /* MASLayoutConstraint.h */ = {isa = PBXFileReference; fileEncoding = 4; lastKnownFileType = sourcecode.c.h; path = MASLayoutConstraint.h; sourceTree = "<group>"; };
		1609A99D1B82DB6D00E0A666 /* MASLayoutConstraint.m */ = {isa = PBXFileReference; fileEncoding = 4; lastKnownFileType = sourcecode.c.objc; path = MASLayoutConstraint.m; sourceTree = "<group>"; };
		1609A99E1B82DB6D00E0A666 /* Masonry.h */ = {isa = PBXFileReference; fileEncoding = 4; lastKnownFileType = sourcecode.c.h; path = Masonry.h; sourceTree = "<group>"; };
		1609A99F1B82DB6D00E0A666 /* MASUtilities.h */ = {isa = PBXFileReference; fileEncoding = 4; lastKnownFileType = sourcecode.c.h; path = MASUtilities.h; sourceTree = "<group>"; };
		1609A9A01B82DB6D00E0A666 /* MASViewAttribute.h */ = {isa = PBXFileReference; fileEncoding = 4; lastKnownFileType = sourcecode.c.h; path = MASViewAttribute.h; sourceTree = "<group>"; };
		1609A9A11B82DB6D00E0A666 /* MASViewAttribute.m */ = {isa = PBXFileReference; fileEncoding = 4; lastKnownFileType = sourcecode.c.objc; path = MASViewAttribute.m; sourceTree = "<group>"; };
		1609A9A21B82DB6D00E0A666 /* MASViewConstraint.h */ = {isa = PBXFileReference; fileEncoding = 4; lastKnownFileType = sourcecode.c.h; path = MASViewConstraint.h; sourceTree = "<group>"; };
		1609A9A31B82DB6D00E0A666 /* MASViewConstraint.m */ = {isa = PBXFileReference; fileEncoding = 4; lastKnownFileType = sourcecode.c.objc; path = MASViewConstraint.m; sourceTree = "<group>"; };
		1609A9A41B82DB6D00E0A666 /* NSArray+MASAdditions.h */ = {isa = PBXFileReference; fileEncoding = 4; lastKnownFileType = sourcecode.c.h; path = "NSArray+MASAdditions.h"; sourceTree = "<group>"; };
		1609A9A51B82DB6D00E0A666 /* NSArray+MASAdditions.m */ = {isa = PBXFileReference; fileEncoding = 4; lastKnownFileType = sourcecode.c.objc; path = "NSArray+MASAdditions.m"; sourceTree = "<group>"; };
		1609A9A61B82DB6D00E0A666 /* NSArray+MASShorthandAdditions.h */ = {isa = PBXFileReference; fileEncoding = 4; lastKnownFileType = sourcecode.c.h; path = "NSArray+MASShorthandAdditions.h"; sourceTree = "<group>"; };
		1609A9A71B82DB6D00E0A666 /* NSLayoutConstraint+MASDebugAdditions.h */ = {isa = PBXFileReference; fileEncoding = 4; lastKnownFileType = sourcecode.c.h; path = "NSLayoutConstraint+MASDebugAdditions.h"; sourceTree = "<group>"; };
		1609A9A81B82DB6D00E0A666 /* NSLayoutConstraint+MASDebugAdditions.m */ = {isa = PBXFileReference; fileEncoding = 4; lastKnownFileType = sourcecode.c.objc; path = "NSLayoutConstraint+MASDebugAdditions.m"; sourceTree = "<group>"; };
		1609A9A91B82DB6D00E0A666 /* View+MASAdditions.h */ = {isa = PBXFileReference; fileEncoding = 4; lastKnownFileType = sourcecode.c.h; path = "View+MASAdditions.h"; sourceTree = "<group>"; };
		1609A9AA1B82DB6D00E0A666 /* View+MASAdditions.m */ = {isa = PBXFileReference; fileEncoding = 4; lastKnownFileType = sourcecode.c.objc; path = "View+MASAdditions.m"; sourceTree = "<group>"; };
		1609A9AB1B82DB6D00E0A666 /* View+MASShorthandAdditions.h */ = {isa = PBXFileReference; fileEncoding = 4; lastKnownFileType = sourcecode.c.h; path = "View+MASShorthandAdditions.h"; sourceTree = "<group>"; };
		1609A9AC1B82DB6D00E0A666 /* ViewController+MASAdditions.h */ = {isa = PBXFileReference; fileEncoding = 4; lastKnownFileType = sourcecode.c.h; path = "ViewController+MASAdditions.h"; sourceTree = "<group>"; };
		1609A9AD1B82DB6D00E0A666 /* ViewController+MASAdditions.m */ = {isa = PBXFileReference; fileEncoding = 4; lastKnownFileType = sourcecode.c.objc; path = "ViewController+MASAdditions.m"; sourceTree = "<group>"; };
		1609A9B91B842B8300E0A666 /* FirstViewController.h */ = {isa = PBXFileReference; fileEncoding = 4; lastKnownFileType = sourcecode.c.h; path = FirstViewController.h; sourceTree = "<group>"; };
		1609A9BA1B842B8300E0A666 /* FirstViewController.m */ = {isa = PBXFileReference; fileEncoding = 4; lastKnownFileType = sourcecode.c.objc; path = FirstViewController.m; sourceTree = "<group>"; };
		1609A9BC1B842B9900E0A666 /* SecondViewController.h */ = {isa = PBXFileReference; fileEncoding = 4; lastKnownFileType = sourcecode.c.h; path = SecondViewController.h; sourceTree = "<group>"; };
		1609A9BD1B842B9900E0A666 /* SecondViewController.m */ = {isa = PBXFileReference; fileEncoding = 4; lastKnownFileType = sourcecode.c.objc; path = SecondViewController.m; sourceTree = "<group>"; };
		1609A9BF1B842BC900E0A666 /* ThirdViewController.h */ = {isa = PBXFileReference; fileEncoding = 4; lastKnownFileType = sourcecode.c.h; path = ThirdViewController.h; sourceTree = "<group>"; };
		1609A9C01B842BC900E0A666 /* ThirdViewController.m */ = {isa = PBXFileReference; fileEncoding = 4; lastKnownFileType = sourcecode.c.objc; path = ThirdViewController.m; sourceTree = "<group>"; };
		1609A9C41B8449DA00E0A666 /* tongue.png */ = {isa = PBXFileReference; lastKnownFileType = image.png; path = tongue.png; sourceTree = "<group>"; };
		1609A9C81B8455F500E0A666 /* sad.png */ = {isa = PBXFileReference; lastKnownFileType = image.png; path = sad.png; sourceTree = "<group>"; };
		1609A9CA1B84560200E0A666 /* bigsmile.png */ = {isa = PBXFileReference; lastKnownFileType = image.png; path = bigsmile.png; sourceTree = "<group>"; };
		1609A9CB1B84560200E0A666 /* blah.png */ = {isa = PBXFileReference; lastKnownFileType = image.png; path = blah.png; sourceTree = "<group>"; };
		1609A9CC1B84560200E0A666 /* smirk.png */ = {isa = PBXFileReference; lastKnownFileType = image.png; path = smirk.png; sourceTree = "<group>"; };
		1609A9CD1B84560200E0A666 /* scream.png */ = {isa = PBXFileReference; lastKnownFileType = image.png; path = scream.png; sourceTree = "<group>"; };
		1609A9D21B8477E500E0A666 /* upload.png */ = {isa = PBXFileReference; lastKnownFileType = image.png; path = upload.png; sourceTree = "<group>"; };
		1609AA2C1B85AFE000E0A666 /* AFHTTPRequestOperation.h */ = {isa = PBXFileReference; fileEncoding = 4; lastKnownFileType = sourcecode.c.h; path = AFHTTPRequestOperation.h; sourceTree = "<group>"; };
		1609AA2D1B85AFE000E0A666 /* AFHTTPRequestOperation.m */ = {isa = PBXFileReference; fileEncoding = 4; lastKnownFileType = sourcecode.c.objc; path = AFHTTPRequestOperation.m; sourceTree = "<group>"; };
		1609AA2E1B85AFE000E0A666 /* AFHTTPRequestOperationManager.h */ = {isa = PBXFileReference; fileEncoding = 4; lastKnownFileType = sourcecode.c.h; path = AFHTTPRequestOperationManager.h; sourceTree = "<group>"; };
		1609AA2F1B85AFE000E0A666 /* AFHTTPRequestOperationManager.m */ = {isa = PBXFileReference; fileEncoding = 4; lastKnownFileType = sourcecode.c.objc; path = AFHTTPRequestOperationManager.m; sourceTree = "<group>"; };
		1609AA301B85AFE000E0A666 /* AFHTTPSessionManager.h */ = {isa = PBXFileReference; fileEncoding = 4; lastKnownFileType = sourcecode.c.h; path = AFHTTPSessionManager.h; sourceTree = "<group>"; };
		1609AA311B85AFE000E0A666 /* AFHTTPSessionManager.m */ = {isa = PBXFileReference; fileEncoding = 4; lastKnownFileType = sourcecode.c.objc; path = AFHTTPSessionManager.m; sourceTree = "<group>"; };
		1609AA321B85AFE000E0A666 /* AFNetworking.h */ = {isa = PBXFileReference; fileEncoding = 4; lastKnownFileType = sourcecode.c.h; path = AFNetworking.h; sourceTree = "<group>"; };
		1609AA331B85AFE000E0A666 /* AFNetworkReachabilityManager.h */ = {isa = PBXFileReference; fileEncoding = 4; lastKnownFileType = sourcecode.c.h; path = AFNetworkReachabilityManager.h; sourceTree = "<group>"; };
		1609AA341B85AFE000E0A666 /* AFNetworkReachabilityManager.m */ = {isa = PBXFileReference; fileEncoding = 4; lastKnownFileType = sourcecode.c.objc; path = AFNetworkReachabilityManager.m; sourceTree = "<group>"; };
		1609AA351B85AFE000E0A666 /* AFSecurityPolicy.h */ = {isa = PBXFileReference; fileEncoding = 4; lastKnownFileType = sourcecode.c.h; path = AFSecurityPolicy.h; sourceTree = "<group>"; };
		1609AA361B85AFE000E0A666 /* AFSecurityPolicy.m */ = {isa = PBXFileReference; fileEncoding = 4; lastKnownFileType = sourcecode.c.objc; path = AFSecurityPolicy.m; sourceTree = "<group>"; };
		1609AA371B85AFE000E0A666 /* AFURLConnectionOperation.h */ = {isa = PBXFileReference; fileEncoding = 4; lastKnownFileType = sourcecode.c.h; path = AFURLConnectionOperation.h; sourceTree = "<group>"; };
		1609AA381B85AFE000E0A666 /* AFURLConnectionOperation.m */ = {isa = PBXFileReference; fileEncoding = 4; lastKnownFileType = sourcecode.c.objc; path = AFURLConnectionOperation.m; sourceTree = "<group>"; };
		1609AA391B85AFE000E0A666 /* AFURLRequestSerialization.h */ = {isa = PBXFileReference; fileEncoding = 4; lastKnownFileType = sourcecode.c.h; path = AFURLRequestSerialization.h; sourceTree = "<group>"; };
		1609AA3A1B85AFE000E0A666 /* AFURLRequestSerialization.m */ = {isa = PBXFileReference; fileEncoding = 4; lastKnownFileType = sourcecode.c.objc; path = AFURLRequestSerialization.m; sourceTree = "<group>"; };
		1609AA3B1B85AFE000E0A666 /* AFURLResponseSerialization.h */ = {isa = PBXFileReference; fileEncoding = 4; lastKnownFileType = sourcecode.c.h; path = AFURLResponseSerialization.h; sourceTree = "<group>"; };
		1609AA3C1B85AFE000E0A666 /* AFURLResponseSerialization.m */ = {isa = PBXFileReference; fileEncoding = 4; lastKnownFileType = sourcecode.c.objc; path = AFURLResponseSerialization.m; sourceTree = "<group>"; };
		1609AA3D1B85AFE000E0A666 /* AFURLSessionManager.h */ = {isa = PBXFileReference; fileEncoding = 4; lastKnownFileType = sourcecode.c.h; path = AFURLSessionManager.h; sourceTree = "<group>"; };
		1609AA3E1B85AFE000E0A666 /* AFURLSessionManager.m */ = {isa = PBXFileReference; fileEncoding = 4; lastKnownFileType = sourcecode.c.objc; path = AFURLSessionManager.m; sourceTree = "<group>"; };
/* End PBXFileReference section */

/* Begin PBXFrameworksBuildPhase section */
		1609A95E1B82CDE000E0A666 /* Frameworks */ = {
			isa = PBXFrameworksBuildPhase;
			buildActionMask = 2147483647;
			files = (
			);
			runOnlyForDeploymentPostprocessing = 0;
		};
		1609A9771B82CDE000E0A666 /* Frameworks */ = {
			isa = PBXFrameworksBuildPhase;
			buildActionMask = 2147483647;
			files = (
			);
			runOnlyForDeploymentPostprocessing = 0;
		};
/* End PBXFrameworksBuildPhase section */

/* Begin PBXGroup section */
		1609A9581B82CDE000E0A666 = {
			isa = PBXGroup;
			children = (
				1609A9631B82CDE000E0A666 /* ChenWeiboDemo */,
				1609A97D1B82CDE000E0A666 /* ChenWeiboDemoTests */,
				1609A9621B82CDE000E0A666 /* Products */,
			);
			sourceTree = "<group>";
		};
		1609A9621B82CDE000E0A666 /* Products */ = {
			isa = PBXGroup;
			children = (
				1609A9611B82CDE000E0A666 /* ChenWeiboDemo.app */,
				1609A97A1B82CDE000E0A666 /* ChenWeiboDemoTests.xctest */,
			);
			name = Products;
			sourceTree = "<group>";
		};
		1609A9631B82CDE000E0A666 /* ChenWeiboDemo */ = {
			isa = PBXGroup;
			children = (
				1609AA2B1B85AFE000E0A666 /* AFNetworking */,
				1609A9931B82DB6D00E0A666 /* Masonry */,
				1609A9681B82CDE000E0A666 /* AppDelegate.h */,
				1609A9691B82CDE000E0A666 /* AppDelegate.m */,
				1609A96B1B82CDE000E0A666 /* ViewController.h */,
				1609A96C1B82CDE000E0A666 /* ViewController.m */,
				1609A98A1B82CF0C00E0A666 /* LandingView.h */,
				1609A98B1B82CF0C00E0A666 /* LandingView.m */,
				1609A9D21B8477E500E0A666 /* upload.png */,
				1609A9C81B8455F500E0A666 /* sad.png */,
				1609A9CA1B84560200E0A666 /* bigsmile.png */,
				1609A9C41B8449DA00E0A666 /* tongue.png */,
				1609A9CC1B84560200E0A666 /* smirk.png */,
				1609A9CB1B84560200E0A666 /* blah.png */,
				1609A9CD1B84560200E0A666 /* scream.png */,
				1609A9B91B842B8300E0A666 /* FirstViewController.h */,
				1609A9BA1B842B8300E0A666 /* FirstViewController.m */,
				1609A9BC1B842B9900E0A666 /* SecondViewController.h */,
				1609A9BD1B842B9900E0A666 /* SecondViewController.m */,
				1609A9BF1B842BC900E0A666 /* ThirdViewController.h */,
				1609A9C01B842BC900E0A666 /* ThirdViewController.m */,
				1609A96E1B82CDE000E0A666 /* Main.storyboard */,
				1609A9711B82CDE000E0A666 /* Images.xcassets */,
				1609A9731B82CDE000E0A666 /* LaunchScreen.xib */,
				1609A9641B82CDE000E0A666 /* Supporting Files */,
			);
			path = ChenWeiboDemo;
			sourceTree = "<group>";
		};
		1609A9641B82CDE000E0A666 /* Supporting Files */ = {
			isa = PBXGroup;
			children = (
				1609A9651B82CDE000E0A666 /* Info.plist */,
				1609A9661B82CDE000E0A666 /* main.m */,
			);
			name = "Supporting Files";
			sourceTree = "<group>";
		};
		1609A97D1B82CDE000E0A666 /* ChenWeiboDemoTests */ = {
			isa = PBXGroup;
			children = (
				1609A9801B82CDE000E0A666 /* ChenWeiboDemoTests.m */,
				1609A97E1B82CDE000E0A666 /* Supporting Files */,
			);
			path = ChenWeiboDemoTests;
			sourceTree = "<group>";
		};
		1609A97E1B82CDE000E0A666 /* Supporting Files */ = {
			isa = PBXGroup;
			children = (
				1609A97F1B82CDE000E0A666 /* Info.plist */,
			);
			name = "Supporting Files";
			sourceTree = "<group>";
		};
		1609A9931B82DB6D00E0A666 /* Masonry */ = {
			isa = PBXGroup;
			children = (
				1609A9941B82DB6D00E0A666 /* Info.plist */,
				1609A9951B82DB6D00E0A666 /* MASCompositeConstraint.h */,
				1609A9961B82DB6D00E0A666 /* MASCompositeConstraint.m */,
				1609A9971B82DB6D00E0A666 /* MASConstraint+Private.h */,
				1609A9981B82DB6D00E0A666 /* MASConstraint.h */,
				1609A9991B82DB6D00E0A666 /* MASConstraint.m */,
				1609A99A1B82DB6D00E0A666 /* MASConstraintMaker.h */,
				1609A99B1B82DB6D00E0A666 /* MASConstraintMaker.m */,
				1609A99C1B82DB6D00E0A666 /* MASLayoutConstraint.h */,
				1609A99D1B82DB6D00E0A666 /* MASLayoutConstraint.m */,
				1609A99E1B82DB6D00E0A666 /* Masonry.h */,
				1609A99F1B82DB6D00E0A666 /* MASUtilities.h */,
				1609A9A01B82DB6D00E0A666 /* MASViewAttribute.h */,
				1609A9A11B82DB6D00E0A666 /* MASViewAttribute.m */,
				1609A9A21B82DB6D00E0A666 /* MASViewConstraint.h */,
				1609A9A31B82DB6D00E0A666 /* MASViewConstraint.m */,
				1609A9A41B82DB6D00E0A666 /* NSArray+MASAdditions.h */,
				1609A9A51B82DB6D00E0A666 /* NSArray+MASAdditions.m */,
				1609A9A61B82DB6D00E0A666 /* NSArray+MASShorthandAdditions.h */,
				1609A9A71B82DB6D00E0A666 /* NSLayoutConstraint+MASDebugAdditions.h */,
				1609A9A81B82DB6D00E0A666 /* NSLayoutConstraint+MASDebugAdditions.m */,
				1609A9A91B82DB6D00E0A666 /* View+MASAdditions.h */,
				1609A9AA1B82DB6D00E0A666 /* View+MASAdditions.m */,
				1609A9AB1B82DB6D00E0A666 /* View+MASShorthandAdditions.h */,
				1609A9AC1B82DB6D00E0A666 /* ViewController+MASAdditions.h */,
				1609A9AD1B82DB6D00E0A666 /* ViewController+MASAdditions.m */,
			);
			path = Masonry;
			sourceTree = "<group>";
		};
		1609AA2B1B85AFE000E0A666 /* AFNetworking */ = {
			isa = PBXGroup;
			children = (
				1609AA2C1B85AFE000E0A666 /* AFHTTPRequestOperation.h */,
				1609AA2D1B85AFE000E0A666 /* AFHTTPRequestOperation.m */,
				1609AA2E1B85AFE000E0A666 /* AFHTTPRequestOperationManager.h */,
				1609AA2F1B85AFE000E0A666 /* AFHTTPRequestOperationManager.m */,
				1609AA301B85AFE000E0A666 /* AFHTTPSessionManager.h */,
				1609AA311B85AFE000E0A666 /* AFHTTPSessionManager.m */,
				1609AA321B85AFE000E0A666 /* AFNetworking.h */,
				1609AA331B85AFE000E0A666 /* AFNetworkReachabilityManager.h */,
				1609AA341B85AFE000E0A666 /* AFNetworkReachabilityManager.m */,
				1609AA351B85AFE000E0A666 /* AFSecurityPolicy.h */,
				1609AA361B85AFE000E0A666 /* AFSecurityPolicy.m */,
				1609AA371B85AFE000E0A666 /* AFURLConnectionOperation.h */,
				1609AA381B85AFE000E0A666 /* AFURLConnectionOperation.m */,
				1609AA391B85AFE000E0A666 /* AFURLRequestSerialization.h */,
				1609AA3A1B85AFE000E0A666 /* AFURLRequestSerialization.m */,
				1609AA3B1B85AFE000E0A666 /* AFURLResponseSerialization.h */,
				1609AA3C1B85AFE000E0A666 /* AFURLResponseSerialization.m */,
				1609AA3D1B85AFE000E0A666 /* AFURLSessionManager.h */,
				1609AA3E1B85AFE000E0A666 /* AFURLSessionManager.m */,
			);
			path = AFNetworking;
			sourceTree = "<group>";
		};
/* End PBXGroup section */

/* Begin PBXNativeTarget section */
		1609A9601B82CDE000E0A666 /* ChenWeiboDemo */ = {
			isa = PBXNativeTarget;
			buildConfigurationList = 1609A9841B82CDE000E0A666 /* Build configuration list for PBXNativeTarget "ChenWeiboDemo" */;
			buildPhases = (
				1609A95D1B82CDE000E0A666 /* Sources */,
				1609A95E1B82CDE000E0A666 /* Frameworks */,
				1609A95F1B82CDE000E0A666 /* Resources */,
			);
			buildRules = (
			);
			dependencies = (
			);
			name = ChenWeiboDemo;
			productName = ChenWeiboDemo;
			productReference = 1609A9611B82CDE000E0A666 /* ChenWeiboDemo.app */;
			productType = "com.apple.product-type.application";
		};
		1609A9791B82CDE000E0A666 /* ChenWeiboDemoTests */ = {
			isa = PBXNativeTarget;
			buildConfigurationList = 1609A9871B82CDE000E0A666 /* Build configuration list for PBXNativeTarget "ChenWeiboDemoTests" */;
			buildPhases = (
				1609A9761B82CDE000E0A666 /* Sources */,
				1609A9771B82CDE000E0A666 /* Frameworks */,
				1609A9781B82CDE000E0A666 /* Resources */,
			);
			buildRules = (
			);
			dependencies = (
				1609A97C1B82CDE000E0A666 /* PBXTargetDependency */,
			);
			name = ChenWeiboDemoTests;
			productName = ChenWeiboDemoTests;
			productReference = 1609A97A1B82CDE000E0A666 /* ChenWeiboDemoTests.xctest */;
			productType = "com.apple.product-type.bundle.unit-test";
		};
/* End PBXNativeTarget section */

/* Begin PBXProject section */
		1609A9591B82CDE000E0A666 /* Project object */ = {
			isa = PBXProject;
			attributes = {
				LastUpgradeCheck = 0630;
				ORGANIZATIONNAME = "陈升琪";
				TargetAttributes = {
					1609A9601B82CDE000E0A666 = {
						CreatedOnToolsVersion = 6.3;
					};
					1609A9791B82CDE000E0A666 = {
						CreatedOnToolsVersion = 6.3;
						TestTargetID = 1609A9601B82CDE000E0A666;
					};
				};
			};
			buildConfigurationList = 1609A95C1B82CDE000E0A666 /* Build configuration list for PBXProject "ChenWeiboDemo" */;
			compatibilityVersion = "Xcode 3.2";
			developmentRegion = English;
			hasScannedForEncodings = 0;
			knownRegions = (
				en,
				Base,
			);
			mainGroup = 1609A9581B82CDE000E0A666;
			productRefGroup = 1609A9621B82CDE000E0A666 /* Products */;
			projectDirPath = "";
			projectRoot = "";
			targets = (
				1609A9601B82CDE000E0A666 /* ChenWeiboDemo */,
				1609A9791B82CDE000E0A666 /* ChenWeiboDemoTests */,
			);
		};
/* End PBXProject section */

/* Begin PBXResourcesBuildPhase section */
		1609A95F1B82CDE000E0A666 /* Resources */ = {
			isa = PBXResourcesBuildPhase;
			buildActionMask = 2147483647;
			files = (
				1609A9D31B8477E500E0A666 /* upload.png in Resources */,
				1609A9D01B84560200E0A666 /* smirk.png in Resources */,
				1609A9AE1B82DB6D00E0A666 /* Info.plist in Resources */,
				1609A9D11B84560200E0A666 /* scream.png in Resources */,
				1609A9CF1B84560200E0A666 /* blah.png in Resources */,
				1609A9701B82CDE000E0A666 /* Main.storyboard in Resources */,
				1609A9CE1B84560200E0A666 /* bigsmile.png in Resources */,
				1609A9751B82CDE000E0A666 /* LaunchScreen.xib in Resources */,
				1609A9721B82CDE000E0A666 /* Images.xcassets in Resources */,
				1609A9C51B8449DA00E0A666 /* tongue.png in Resources */,
				1609A9C91B8455F500E0A666 /* sad.png in Resources */,
			);
			runOnlyForDeploymentPostprocessing = 0;
		};
		1609A9781B82CDE000E0A666 /* Resources */ = {
			isa = PBXResourcesBuildPhase;
			buildActionMask = 2147483647;
			files = (
			);
			runOnlyForDeploymentPostprocessing = 0;
		};
/* End PBXResourcesBuildPhase section */

/* Begin PBXSourcesBuildPhase section */
		1609A95D1B82CDE000E0A666 /* Sources */ = {
			isa = PBXSourcesBuildPhase;
			buildActionMask = 2147483647;
			files = (
				1609AA3F1B85AFE000E0A666 /* AFHTTPRequestOperation.m in Sources */,
				1609A9B11B82DB6D00E0A666 /* MASConstraintMaker.m in Sources */,
				1609A98C1B82CF0C00E0A666 /* LandingView.m in Sources */,
				1609A96D1B82CDE000E0A666 /* ViewController.m in Sources */,
				1609A9B01B82DB6D00E0A666 /* MASConstraint.m in Sources */,
				1609A9B81B82DB6D00E0A666 /* ViewController+MASAdditions.m in Sources */,
				1609A9B21B82DB6D00E0A666 /* MASLayoutConstraint.m in Sources */,
				1609AA411B85AFE000E0A666 /* AFHTTPSessionManager.m in Sources */,
				1609A9B51B82DB6D00E0A666 /* NSArray+MASAdditions.m in Sources */,
				1609A9C11B842BC900E0A666 /* ThirdViewController.m in Sources */,
				1609AA421B85AFE000E0A666 /* AFNetworkReachabilityManager.m in Sources */,
				1609AA471B85AFE000E0A666 /* AFURLSessionManager.m in Sources */,
				1609A9BB1B842B8300E0A666 /* FirstViewController.m in Sources */,
				1609A9B41B82DB6D00E0A666 /* MASViewConstraint.m in Sources */,
				1609AA441B85AFE000E0A666 /* AFURLConnectionOperation.m in Sources */,
				1609AA461B85AFE000E0A666 /* AFURLResponseSerialization.m in Sources */,
				1609A9B31B82DB6D00E0A666 /* MASViewAttribute.m in Sources */,
				1609AA451B85AFE000E0A666 /* AFURLRequestSerialization.m in Sources */,
				1609A9B71B82DB6D00E0A666 /* View+MASAdditions.m in Sources */,
				1609A96A1B82CDE000E0A666 /* AppDelegate.m in Sources */,
				1609A9BE1B842B9900E0A666 /* SecondViewController.m in Sources */,
				1609A9671B82CDE000E0A666 /* main.m in Sources */,
				1609A9AF1B82DB6D00E0A666 /* MASCompositeConstraint.m in Sources */,
				1609AA401B85AFE000E0A666 /* AFHTTPRequestOperationManager.m in Sources */,
				1609AA431B85AFE000E0A666 /* AFSecurityPolicy.m in Sources */,
				1609A9B61B82DB6D00E0A666 /* NSLayoutConstraint+MASDebugAdditions.m in Sources */,
			);
			runOnlyForDeploymentPostprocessing = 0;
		};
		1609A9761B82CDE000E0A666 /* Sources */ = {
			isa = PBXSourcesBuildPhase;
			buildActionMask = 2147483647;
			files = (
				1609A9811B82CDE000E0A666 /* ChenWeiboDemoTests.m in Sources */,
			);
			runOnlyForDeploymentPostprocessing = 0;
		};
/* End PBXSourcesBuildPhase section */

/* Begin PBXTargetDependency section */
		1609A97C1B82CDE000E0A666 /* PBXTargetDependency */ = {
			isa = PBXTargetDependency;
			target = 1609A9601B82CDE000E0A666 /* ChenWeiboDemo */;
			targetProxy = 1609A97B1B82CDE000E0A666 /* PBXContainerItemProxy */;
		};
/* End PBXTargetDependency section */

/* Begin PBXVariantGroup section */
		1609A96E1B82CDE000E0A666 /* Main.storyboard */ = {
			isa = PBXVariantGroup;
			children = (
				1609A96F1B82CDE000E0A666 /* Base */,
			);
			name = Main.storyboard;
			sourceTree = "<group>";
		};
		1609A9731B82CDE000E0A666 /* LaunchScreen.xib */ = {
			isa = PBXVariantGroup;
			children = (
				1609A9741B82CDE000E0A666 /* Base */,
			);
			name = LaunchScreen.xib;
			sourceTree = "<group>";
		};
/* End PBXVariantGroup section */

/* Begin XCBuildConfiguration section */
		1609A9821B82CDE000E0A666 /* Debug */ = {
			isa = XCBuildConfiguration;
			buildSettings = {
				ALWAYS_SEARCH_USER_PATHS = NO;
				CLANG_CXX_LANGUAGE_STANDARD = "gnu++0x";
				CLANG_CXX_LIBRARY = "libc++";
				CLANG_ENABLE_MODULES = YES;
				CLANG_ENABLE_OBJC_ARC = YES;
				CLANG_WARN_BOOL_CONVERSION = YES;
				CLANG_WARN_CONSTANT_CONVERSION = YES;
				CLANG_WARN_DIRECT_OBJC_ISA_USAGE = YES_ERROR;
				CLANG_WARN_EMPTY_BODY = YES;
				CLANG_WARN_ENUM_CONVERSION = YES;
				CLANG_WARN_INT_CONVERSION = YES;
				CLANG_WARN_OBJC_ROOT_CLASS = YES_ERROR;
				CLANG_WARN_UNREACHABLE_CODE = YES;
				CLANG_WARN__DUPLICATE_METHOD_MATCH = YES;
				"CODE_SIGN_IDENTITY[sdk=iphoneos*]" = "iPhone Developer";
				COPY_PHASE_STRIP = NO;
				DEBUG_INFORMATION_FORMAT = "dwarf-with-dsym";
				ENABLE_STRICT_OBJC_MSGSEND = YES;
				GCC_C_LANGUAGE_STANDARD = gnu99;
				GCC_DYNAMIC_NO_PIC = NO;
				GCC_NO_COMMON_BLOCKS = YES;
				GCC_OPTIMIZATION_LEVEL = 0;
				GCC_PREPROCESSOR_DEFINITIONS = (
					"DEBUG=1",
					"$(inherited)",
				);
				GCC_SYMBOLS_PRIVATE_EXTERN = NO;
				GCC_WARN_64_TO_32_BIT_CONVERSION = YES;
				GCC_WARN_ABOUT_RETURN_TYPE = YES_ERROR;
				GCC_WARN_UNDECLARED_SELECTOR = YES;
				GCC_WARN_UNINITIALIZED_AUTOS = YES_AGGRESSIVE;
				GCC_WARN_UNUSED_FUNCTION = YES;
				GCC_WARN_UNUSED_VARIABLE = YES;
				IPHONEOS_DEPLOYMENT_TARGET = 8.3;
				MTL_ENABLE_DEBUG_INFO = YES;
				ONLY_ACTIVE_ARCH = YES;
				SDKROOT = iphoneos;
			};
			name = Debug;
		};
		1609A9831B82CDE000E0A666 /* Release */ = {
			isa = XCBuildConfiguration;
			buildSettings = {
				ALWAYS_SEARCH_USER_PATHS = NO;
				CLANG_CXX_LANGUAGE_STANDARD = "gnu++0x";
				CLANG_CXX_LIBRARY = "libc++";
				CLANG_ENABLE_MODULES = YES;
				CLANG_ENABLE_OBJC_ARC = YES;
				CLANG_WARN_BOOL_CONVERSION = YES;
				CLANG_WARN_CONSTANT_CONVERSION = YES;
				CLANG_WARN_DIRECT_OBJC_ISA_USAGE = YES_ERROR;
				CLANG_WARN_EMPTY_BODY = YES;
				CLANG_WARN_ENUM_CONVERSION = YES;
				CLANG_WARN_INT_CONVERSION = YES;
				CLANG_WARN_OBJC_ROOT_CLASS = YES_ERROR;
				CLANG_WARN_UNREACHABLE_CODE = YES;
				CLANG_WARN__DUPLICATE_METHOD_MATCH = YES;
				"CODE_SIGN_IDENTITY[sdk=iphoneos*]" = "iPhone Developer";
				COPY_PHASE_STRIP = NO;
				DEBUG_INFORMATION_FORMAT = "dwarf-with-dsym";
				ENABLE_NS_ASSERTIONS = NO;
				ENABLE_STRICT_OBJC_MSGSEND = YES;
				GCC_C_LANGUAGE_STANDARD = gnu99;
				GCC_NO_COMMON_BLOCKS = YES;
				GCC_WARN_64_TO_32_BIT_CONVERSION = YES;
				GCC_WARN_ABOUT_RETURN_TYPE = YES_ERROR;
				GCC_WARN_UNDECLARED_SELECTOR = YES;
				GCC_WARN_UNINITIALIZED_AUTOS = YES_AGGRESSIVE;
				GCC_WARN_UNUSED_FUNCTION = YES;
				GCC_WARN_UNUSED_VARIABLE = YES;
				IPHONEOS_DEPLOYMENT_TARGET = 8.3;
				MTL_ENABLE_DEBUG_INFO = NO;
				SDKROOT = iphoneos;
				VALIDATE_PRODUCT = YES;
			};
			name = Release;
		};
		1609A9851B82CDE000E0A666 /* Debug */ = {
			isa = XCBuildConfiguration;
			buildSettings = {
				ASSETCATALOG_COMPILER_APPICON_NAME = AppIcon;
				INFOPLIST_FILE = ChenWeiboDemo/Info.plist;
				LD_RUNPATH_SEARCH_PATHS = "$(inherited) @executable_path/Frameworks";
				PRODUCT_NAME = "$(TARGET_NAME)";
			};
			name = Debug;
		};
		1609A9861B82CDE000E0A666 /* Release */ = {
			isa = XCBuildConfiguration;
			buildSettings = {
				ASSETCATALOG_COMPILER_APPICON_NAME = AppIcon;
				INFOPLIST_FILE = ChenWeiboDemo/Info.plist;
				LD_RUNPATH_SEARCH_PATHS = "$(inherited) @executable_path/Frameworks";
				PRODUCT_NAME = "$(TARGET_NAME)";
			};
			name = Release;
		};
		1609A9881B82CDE000E0A666 /* Debug */ = {
			isa = XCBuildConfiguration;
			buildSettings = {
				BUNDLE_LOADER = "$(TEST_HOST)";
				FRAMEWORK_SEARCH_PATHS = (
					"$(SDKROOT)/Developer/Library/Frameworks",
					"$(inherited)",
				);
				GCC_PREPROCESSOR_DEFINITIONS = (
					"DEBUG=1",
					"$(inherited)",
				);
				INFOPLIST_FILE = ChenWeiboDemoTests/Info.plist;
				LD_RUNPATH_SEARCH_PATHS = "$(inherited) @executable_path/Frameworks @loader_path/Frameworks";
				PRODUCT_NAME = "$(TARGET_NAME)";
				TEST_HOST = "$(BUILT_PRODUCTS_DIR)/ChenWeiboDemo.app/ChenWeiboDemo";
			};
			name = Debug;
		};
		1609A9891B82CDE000E0A666 /* Release */ = {
			isa = XCBuildConfiguration;
			buildSettings = {
				BUNDLE_LOADER = "$(TEST_HOST)";
				FRAMEWORK_SEARCH_PATHS = (
					"$(SDKROOT)/Developer/Library/Frameworks",
					"$(inherited)",
				);
				INFOPLIST_FILE = ChenWeiboDemoTests/Info.plist;
				LD_RUNPATH_SEARCH_PATHS = "$(inherited) @executable_path/Frameworks @loader_path/Frameworks";
				PRODUCT_NAME = "$(TARGET_NAME)";
				TEST_HOST = "$(BUILT_PRODUCTS_DIR)/ChenWeiboDemo.app/ChenWeiboDemo";
			};
			name = Release;
		};
/* End XCBuildConfiguration section */

/* Begin XCConfigurationList section */
		1609A95C1B82CDE000E0A666 /* Build configuration list for PBXProject "ChenWeiboDemo" */ = {
			isa = XCConfigurationList;
			buildConfigurations = (
				1609A9821B82CDE000E0A666 /* Debug */,
				1609A9831B82CDE000E0A666 /* Release */,
			);
			defaultConfigurationIsVisible = 0;
			defaultConfigurationName = Release;
		};
		1609A9841B82CDE000E0A666 /* Build configuration list for PBXNativeTarget "ChenWeiboDemo" */ = {
			isa = XCConfigurationList;
			buildConfigurations = (
				1609A9851B82CDE000E0A666 /* Debug */,
				1609A9861B82CDE000E0A666 /* Release */,
			);
			defaultConfigurationIsVisible = 0;
			defaultConfigurationName = Release;
		};
		1609A9871B82CDE000E0A666 /* Build configuration list for PBXNativeTarget "ChenWeiboDemoTests" */ = {
			isa = XCConfigurationList;
			buildConfigurations = (
				1609A9881B82CDE000E0A666 /* Debug */,
				1609A9891B82CDE000E0A666 /* Release */,
			);
			defaultConfigurationIsVisible = 0;
			defaultConfigurationName = Release;
		};
/* End XCConfigurationList section */
	};
	rootObject = 1609A9591B82CDE000E0A666 /* Project object */;
}
